
Microsoft Visual Studio Solution File, Format Version 12.00
# Visual Studio Version 16
VisualStudioVersion = 16.0.33529.622
MinimumVisualStudioVersion = 10.0.40219.1
Project("{C9674DCB-5085-4A16-B785-4C70DD1589BD}") = "POS_ETL", "POS_ETL.dtproj", "{10A08A29-8178-4C4B-88A3-E0F80D33AEF1}"
EndProject
Global
	GlobalSection(SolutionConfigurationPlatforms) = preSolution
		Development|Default = Development|Default
	EndGlobalSection
	GlobalSection(ProjectConfigurationPlatforms) = postSolution
		{10A08A29-8178-4C4B-88A3-E0F80D33AEF1}.Development|Default.ActiveCfg = Development
		{10A08A29-8178-4C4B-88A3-E0F80D33AEF1}.Development|Default.Build.0 = Development
	EndGlobalSection
	GlobalSection(SolutionProperties) = preSolution
		HideSolutionNode = FALSE
	EndGlobalSection
	GlobalSection(ExtensibilityGlobals) = postSolution
		SolutionGuid = {810BE1AD-E227-47B8-92CA-BA92A2F0253C}
	EndGlobalSection
EndGlobal
